
Microsoft Visual Studio Solution File, Format Version 12.00
# Visual Studio Version 17
VisualStudioVersion = 17.2.32526.322
MinimumVisualStudioVersion = 10.0.40219.1
Project("{9A19103F-16F7-4668-BE54-9A1E7A4F7556}") = "CatalogApi", "CatalogApi\CatalogApi.csproj", "{0107B5F6-D340-4136-9361-5D8E61A57274}"
EndProject
Project("{9A19103F-16F7-4668-BE54-9A1E7A4F7556}") = "CatalogApi.Tests", "CatalogApi.Tests\CatalogApi.Tests.csproj", "{82B6169E-BC23-4BC3-8AEA-FDD27B1F6E0F}"
EndProject
Project("{E53339B2-1760-4266-BCC7-CA923CBCF16C}") = "docker-compose", "docker-compose.dcproj", "{F04BB073-AC07-48ED-92AD-29E458A3FC65}"
EndProject
Global
	GlobalSection(SolutionConfigurationPlatforms) = preSolution
		Debug|Any CPU = Debug|Any CPU
		Release|Any CPU = Release|Any CPU
	EndGlobalSection
	GlobalSection(ProjectConfigurationPlatforms) = postSolution
		{0107B5F6-D340-4136-9361-5D8E61A57274}.Debug|Any CPU.ActiveCfg = Debug|Any CPU
		{0107B5F6-D340-4136-9361-5D8E61A57274}.Debug|Any CPU.Build.0 = Debug|Any CPU
		{0107B5F6-D340-4136-9361-5D8E61A57274}.Release|Any CPU.ActiveCfg = Release|Any CPU
		{0107B5F6-D340-4136-9361-5D8E61A57274}.Release|Any CPU.Build.0 = Release|Any CPU
		{82B6169E-BC23-4BC3-8AEA-FDD27B1F6E0F}.Debug|Any CPU.ActiveCfg = Debug|Any CPU
		{82B6169E-BC23-4BC3-8AEA-FDD27B1F6E0F}.Debug|Any CPU.Build.0 = Debug|Any CPU
		{82B6169E-BC23-4BC3-8AEA-FDD27B1F6E0F}.Release|Any CPU.ActiveCfg = Release|Any CPU
		{82B6169E-BC23-4BC3-8AEA-FDD27B1F6E0F}.Release|Any CPU.Build.0 = Release|Any CPU
		{F04BB073-AC07-48ED-92AD-29E458A3FC65}.Debug|Any CPU.ActiveCfg = Debug|Any CPU
		{F04BB073-AC07-48ED-92AD-29E458A3FC65}.Debug|Any CPU.Build.0 = Debug|Any CPU
		{F04BB073-AC07-48ED-92AD-29E458A3FC65}.Release|Any CPU.ActiveCfg = Release|Any CPU
		{F04BB073-AC07-48ED-92AD-29E458A3FC65}.Release|Any CPU.Build.0 = Release|Any CPU
	EndGlobalSection
	GlobalSection(SolutionProperties) = preSolution
		HideSolutionNode = FALSE
	EndGlobalSection
	GlobalSection(ExtensibilityGlobals) = postSolution
		SolutionGuid = {7618FCEF-9D53-4485-BBA4-D0933EEB0F62}
	EndGlobalSection
EndGlobal
